
Microsoft Visual Studio Solution File, Format Version 12.00
# Visual Studio Version 17
VisualStudioVersion = 17.5.002.0
MinimumVisualStudioVersion = 10.0.40219.1
Project("{9A19103F-16F7-4668-BE54-9A1E7A4F7556}") = "05_For_Array", "05_For_Array.csproj", "{0AA2F031-EBBE-44BD-93F9-18D5AE7FFB42}"
EndProject
Global
	GlobalSection(SolutionConfigurationPlatforms) = preSolution
		Debug|Any CPU = Debug|Any CPU
		Release|Any CPU = Release|Any CPU
	EndGlobalSection
	GlobalSection(ProjectConfigurationPlatforms) = postSolution
		{0AA2F031-EBBE-44BD-93F9-18D5AE7FFB42}.Debug|Any CPU.ActiveCfg = Debug|Any CPU
		{0AA2F031-EBBE-44BD-93F9-18D5AE7FFB42}.Debug|Any CPU.Build.0 = Debug|Any CPU
		{0AA2F031-EBBE-44BD-93F9-18D5AE7FFB42}.Release|Any CPU.ActiveCfg = Release|Any CPU
		{0AA2F031-EBBE-44BD-93F9-18D5AE7FFB42}.Release|Any CPU.Build.0 = Release|Any CPU
	EndGlobalSection
	GlobalSection(SolutionProperties) = preSolution
		HideSolutionNode = FALSE
	EndGlobalSection
	GlobalSection(ExtensibilityGlobals) = postSolution
		SolutionGuid = {B165E5C3-223E-418B-8C96-A0871E7CDA8F}
	EndGlobalSection
EndGlobal
