
Microsoft Visual Studio Solution File, Format Version 12.00
# Visual Studio Version 17
VisualStudioVersion = 17.5.002.0
MinimumVisualStudioVersion = 10.0.40219.1
Project("{9A19103F-16F7-4668-BE54-9A1E7A4F7556}") = "06_Sistema_Passagem", "06_Sistema_Passagem.csproj", "{3EEAD618-92EE-47A9-A651-9588CDD2A603}"
EndProject
Global
	GlobalSection(SolutionConfigurationPlatforms) = preSolution
		Debug|Any CPU = Debug|Any CPU
		Release|Any CPU = Release|Any CPU
	EndGlobalSection
	GlobalSection(ProjectConfigurationPlatforms) = postSolution
		{3EEAD618-92EE-47A9-A651-9588CDD2A603}.Debug|Any CPU.ActiveCfg = Debug|Any CPU
		{3EEAD618-92EE-47A9-A651-9588CDD2A603}.Debug|Any CPU.Build.0 = Debug|Any CPU
		{3EEAD618-92EE-47A9-A651-9588CDD2A603}.Release|Any CPU.ActiveCfg = Release|Any CPU
		{3EEAD618-92EE-47A9-A651-9588CDD2A603}.Release|Any CPU.Build.0 = Release|Any CPU
	EndGlobalSection
	GlobalSection(SolutionProperties) = preSolution
		HideSolutionNode = FALSE
	EndGlobalSection
	GlobalSection(ExtensibilityGlobals) = postSolution
		SolutionGuid = {C0B82BE9-EC17-48DC-9963-266F38E4C1CD}
	EndGlobalSection
EndGlobal
