
Microsoft Visual Studio Solution File, Format Version 12.00
# Visual Studio Version 17
VisualStudioVersion = 17.5.002.0
MinimumVisualStudioVersion = 10.0.40219.1
Project("{9A19103F-16F7-4668-BE54-9A1E7A4F7556}") = "13_Sistema_Bancario", "13_Sistema_Bancario.csproj", "{8DE362B0-3C4D-4034-8DB8-1E1799550AC9}"
EndProject
Global
	GlobalSection(SolutionConfigurationPlatforms) = preSolution
		Debug|Any CPU = Debug|Any CPU
		Release|Any CPU = Release|Any CPU
	EndGlobalSection
	GlobalSection(ProjectConfigurationPlatforms) = postSolution
		{8DE362B0-3C4D-4034-8DB8-1E1799550AC9}.Debug|Any CPU.ActiveCfg = Debug|Any CPU
		{8DE362B0-3C4D-4034-8DB8-1E1799550AC9}.Debug|Any CPU.Build.0 = Debug|Any CPU
		{8DE362B0-3C4D-4034-8DB8-1E1799550AC9}.Release|Any CPU.ActiveCfg = Release|Any CPU
		{8DE362B0-3C4D-4034-8DB8-1E1799550AC9}.Release|Any CPU.Build.0 = Release|Any CPU
	EndGlobalSection
	GlobalSection(SolutionProperties) = preSolution
		HideSolutionNode = FALSE
	EndGlobalSection
	GlobalSection(ExtensibilityGlobals) = postSolution
		SolutionGuid = {1702A404-A0BB-4F41-A2C1-B6AFD1C4A584}
	EndGlobalSection
EndGlobal
