
Microsoft Visual Studio Solution File, Format Version 12.00
# Visual Studio Version 17
VisualStudioVersion = 17.5.002.0
MinimumVisualStudioVersion = 10.0.40219.1
Project("{9A19103F-16F7-4668-BE54-9A1E7A4F7556}") = "14_Try", "14_Try.csproj", "{DBDE536C-7D13-459F-9CE3-D26568DCD220}"
EndProject
Global
	GlobalSection(SolutionConfigurationPlatforms) = preSolution
		Debug|Any CPU = Debug|Any CPU
		Release|Any CPU = Release|Any CPU
	EndGlobalSection
	GlobalSection(ProjectConfigurationPlatforms) = postSolution
		{DBDE536C-7D13-459F-9CE3-D26568DCD220}.Debug|Any CPU.ActiveCfg = Debug|Any CPU
		{DBDE536C-7D13-459F-9CE3-D26568DCD220}.Debug|Any CPU.Build.0 = Debug|Any CPU
		{DBDE536C-7D13-459F-9CE3-D26568DCD220}.Release|Any CPU.ActiveCfg = Release|Any CPU
		{DBDE536C-7D13-459F-9CE3-D26568DCD220}.Release|Any CPU.Build.0 = Release|Any CPU
	EndGlobalSection
	GlobalSection(SolutionProperties) = preSolution
		HideSolutionNode = FALSE
	EndGlobalSection
	GlobalSection(ExtensibilityGlobals) = postSolution
		SolutionGuid = {AF4AFEE9-3541-44EB-B143-2DFD21AB49BD}
	EndGlobalSection
EndGlobal
