
Microsoft Visual Studio Solution File, Format Version 12.00
# Visual Studio Version 17
VisualStudioVersion = 17.5.002.0
MinimumVisualStudioVersion = 10.0.40219.1
Project("{9A19103F-16F7-4668-BE54-9A1E7A4F7556}") = "Ex001", "Ex001.csproj", "{DC1A5E75-E041-4F56-9DFC-18DEAF7819E5}"
EndProject
Global
	GlobalSection(SolutionConfigurationPlatforms) = preSolution
		Debug|Any CPU = Debug|Any CPU
		Release|Any CPU = Release|Any CPU
	EndGlobalSection
	GlobalSection(ProjectConfigurationPlatforms) = postSolution
		{DC1A5E75-E041-4F56-9DFC-18DEAF7819E5}.Debug|Any CPU.ActiveCfg = Debug|Any CPU
		{DC1A5E75-E041-4F56-9DFC-18DEAF7819E5}.Debug|Any CPU.Build.0 = Debug|Any CPU
		{DC1A5E75-E041-4F56-9DFC-18DEAF7819E5}.Release|Any CPU.ActiveCfg = Release|Any CPU
		{DC1A5E75-E041-4F56-9DFC-18DEAF7819E5}.Release|Any CPU.Build.0 = Release|Any CPU
	EndGlobalSection
	GlobalSection(SolutionProperties) = preSolution
		HideSolutionNode = FALSE
	EndGlobalSection
	GlobalSection(ExtensibilityGlobals) = postSolution
		SolutionGuid = {D826ABEC-42CB-4D54-9D64-26596C0BEB3B}
	EndGlobalSection
EndGlobal
