
Microsoft Visual Studio Solution File, Format Version 12.00
# Visual Studio Version 17
VisualStudioVersion = 17.5.002.0
MinimumVisualStudioVersion = 10.0.40219.1
Project("{9A19103F-16F7-4668-BE54-9A1E7A4F7556}") = "20_CRUD_BD_EX", "20_CRUD_BD_EX.csproj", "{0621B788-B9E0-40C7-88B0-A8C93D431CAD}"
EndProject
Global
	GlobalSection(SolutionConfigurationPlatforms) = preSolution
		Debug|Any CPU = Debug|Any CPU
		Release|Any CPU = Release|Any CPU
	EndGlobalSection
	GlobalSection(ProjectConfigurationPlatforms) = postSolution
		{0621B788-B9E0-40C7-88B0-A8C93D431CAD}.Debug|Any CPU.ActiveCfg = Debug|Any CPU
		{0621B788-B9E0-40C7-88B0-A8C93D431CAD}.Debug|Any CPU.Build.0 = Debug|Any CPU
		{0621B788-B9E0-40C7-88B0-A8C93D431CAD}.Release|Any CPU.ActiveCfg = Release|Any CPU
		{0621B788-B9E0-40C7-88B0-A8C93D431CAD}.Release|Any CPU.Build.0 = Release|Any CPU
	EndGlobalSection
	GlobalSection(SolutionProperties) = preSolution
		HideSolutionNode = FALSE
	EndGlobalSection
	GlobalSection(ExtensibilityGlobals) = postSolution
		SolutionGuid = {6527ADF5-1D5B-4653-BB62-ACFC9DDBEB42}
	EndGlobalSection
EndGlobal
